// !$*UTF8*$!
{
	archiveVersion = 1;
	classes = {
	};
	objectVersion = 48;
	objects = {

/* Begin PBXBuildFile section */
		880A67551FE60F7900169C18 /* AppDelegate.swift in Sources */ = {isa = PBXBuildFile; fileRef = 880A67541FE60F7900169C18 /* AppDelegate.swift */; };
		880A67571FE60F7900169C18 /* ViewController.swift in Sources */ = {isa = PBXBuildFile; fileRef = 880A67561FE60F7900169C18 /* ViewController.swift */; };
		880A675A1FE60F7900169C18 /* Main.storyboard in Resources */ = {isa = PBXBuildFile; fileRef = 880A67581FE60F7900169C18 /* Main.storyboard */; };
		880A675D1FE60F7900169C18 /* Lava.xcdatamodeld in Sources */ = {isa = PBXBuildFile; fileRef = 880A675B1FE60F7900169C18 /* Lava.xcdatamodeld */; };
		880A675F1FE60F7900169C18 /* Assets.xcassets in Resources */ = {isa = PBXBuildFile; fileRef = 880A675E1FE60F7900169C18 /* Assets.xcassets */; };
		880A67621FE60F7900169C18 /* LaunchScreen.storyboard in Resources */ = {isa = PBXBuildFile; fileRef = 880A67601FE60F7900169C18 /* LaunchScreen.storyboard */; };
		88DB642D200043B400FF65A5 /* car.scn in Resources */ = {isa = PBXBuildFile; fileRef = 88DB642C200043B400FF65A5 /* car.scn */; };
/* End PBXBuildFile section */

/* Begin PBXFileReference section */
		880A67511FE60F7800169C18 /* Vehicle.app */ = {isa = PBXFileReference; explicitFileType = wrapper.application; includeInIndex = 0; path = Vehicle.app; sourceTree = BUILT_PRODUCTS_DIR; };
		880A67541FE60F7900169C18 /* AppDelegate.swift */ = {isa = PBXFileReference; lastKnownFileType = sourcecode.swift; path = AppDelegate.swift; sourceTree = "<group>"; };
		880A67561FE60F7900169C18 /* ViewController.swift */ = {isa = PBXFileReference; lastKnownFileType = sourcecode.swift; path = ViewController.swift; sourceTree = "<group>"; };
		880A67591FE60F7900169C18 /* Base */ = {isa = PBXFileReference; lastKnownFileType = file.storyboard; name = Base; path = Base.lproj/Main.storyboard; sourceTree = "<group>"; };
		880A675C1FE60F7900169C18 /* Lava.xcdatamodel */ = {isa = PBXFileReference; lastKnownFileType = wrapper.xcdatamodel; path = Lava.xcdatamodel; sourceTree = "<group>"; };
		880A675E1FE60F7900169C18 /* Assets.xcassets */ = {isa = PBXFileReference; lastKnownFileType = folder.assetcatalog; path = Assets.xcassets; sourceTree = "<group>"; };
		880A67611FE60F7900169C18 /* Base */ = {isa = PBXFileReference; lastKnownFileType = file.storyboard; name = Base; path = Base.lproj/LaunchScreen.storyboard; sourceTree = "<group>"; };
		880A67631FE60F7900169C18 /* Info.plist */ = {isa = PBXFileReference; lastKnownFileType = text.plist.xml; path = Info.plist; sourceTree = "<group>"; };
		88DB642C200043B400FF65A5 /* car.scn */ = {isa = PBXFileReference; lastKnownFileType = file.bplist; path = car.scn; sourceTree = "<group>"; };
/* End PBXFileReference section */

/* Begin PBXFrameworksBuildPhase section */
		880A674E1FE60F7800169C18 /* Frameworks */ = {
			isa = PBXFrameworksBuildPhase;
			buildActionMask = 2147483647;
			files = (
			);
			runOnlyForDeploymentPostprocessing = 0;
		};
/* End PBXFrameworksBuildPhase section */

/* Begin PBXGroup section */
		880A67481FE60F7800169C18 = {
			isa = PBXGroup;
			children = (
				880A67531FE60F7800169C18 /* Vehicle */,
				880A67521FE60F7800169C18 /* Products */,
			);
			sourceTree = "<group>";
		};
		880A67521FE60F7800169C18 /* Products */ = {
			isa = PBXGroup;
			children = (
				880A67511FE60F7800169C18 /* Vehicle.app */,
			);
			name = Products;
			sourceTree = "<group>";
		};
		880A67531FE60F7800169C18 /* Vehicle */ = {
			isa = PBXGroup;
			children = (
				880A67541FE60F7900169C18 /* AppDelegate.swift */,
				880A67561FE60F7900169C18 /* ViewController.swift */,
				880A67581FE60F7900169C18 /* Main.storyboard */,
				880A675E1FE60F7900169C18 /* Assets.xcassets */,
				880A67601FE60F7900169C18 /* LaunchScreen.storyboard */,
				880A67631FE60F7900169C18 /* Info.plist */,
				880A675B1FE60F7900169C18 /* Lava.xcdatamodeld */,
				88DB642C200043B400FF65A5 /* car.scn */,
			);
			path = Vehicle;
			sourceTree = "<group>";
		};
/* End PBXGroup section */

/* Begin PBXNativeTarget section */
		880A67501FE60F7800169C18 /* Vehicle */ = {
			isa = PBXNativeTarget;
			buildConfigurationList = 880A67661FE60F7900169C18 /* Build configuration list for PBXNativeTarget "Vehicle" */;
			buildPhases = (
				880A674D1FE60F7800169C18 /* Sources */,
				880A674E1FE60F7800169C18 /* Frameworks */,
				880A674F1FE60F7800169C18 /* Resources */,
			);
			buildRules = (
			);
			dependencies = (
			);
			name = Vehicle;
			productName = Lava;
			productReference = 880A67511FE60F7800169C18 /* Vehicle.app */;
			productType = "com.apple.product-type.application";
		};
/* End PBXNativeTarget section */

/* Begin PBXProject section */
		880A67491FE60F7800169C18 /* Project object */ = {
			isa = PBXProject;
			attributes = {
				LastSwiftUpdateCheck = 0910;
				LastUpgradeCheck = 0910;
				ORGANIZATIONNAME = appimas24;
				TargetAttributes = {
					880A67501FE60F7800169C18 = {
						CreatedOnToolsVersion = 9.1;
						ProvisioningStyle = Automatic;
					};
				};
			};
			buildConfigurationList = 880A674C1FE60F7800169C18 /* Build configuration list for PBXProject "Vehicle" */;
			compatibilityVersion = "Xcode 8.0";
			developmentRegion = en;
			hasScannedForEncodings = 0;
			knownRegions = (
				en,
				Base,
			);
			mainGroup = 880A67481FE60F7800169C18;
			productRefGroup = 880A67521FE60F7800169C18 /* Products */;
			projectDirPath = "";
			projectRoot = "";
			targets = (
				880A67501FE60F7800169C18 /* Vehicle */,
			);
		};
/* End PBXProject section */

/* Begin PBXResourcesBuildPhase section */
		880A674F1FE60F7800169C18 /* Resources */ = {
			isa = PBXResourcesBuildPhase;
			buildActionMask = 2147483647;
			files = (
				88DB642D200043B400FF65A5 /* car.scn in Resources */,
				880A67621FE60F7900169C18 /* LaunchScreen.storyboard in Resources */,
				880A675F1FE60F7900169C18 /* Assets.xcassets in Resources */,
				880A675A1FE60F7900169C18 /* Main.storyboard in Resources */,
			);
			runOnlyForDeploymentPostprocessing = 0;
		};
/* End PBXResourcesBuildPhase section */

/* Begin PBXSourcesBuildPhase section */
		880A674D1FE60F7800169C18 /* Sources */ = {
			isa = PBXSourcesBuildPhase;
			buildActionMask = 2147483647;
			files = (
				880A67571FE60F7900169C18 /* ViewController.swift in Sources */,
				880A675D1FE60F7900169C18 /* Lava.xcdatamodeld in Sources */,
				880A67551FE60F7900169C18 /* AppDelegate.swift in Sources */,
			);
			runOnlyForDeploymentPostprocessing = 0;
		};
/* End PBXSourcesBuildPhase section */

/* Begin PBXVariantGroup section */
		880A67581FE60F7900169C18 /* Main.storyboard */ = {
			isa = PBXVariantGroup;
			children = (
				880A67591FE60F7900169C18 /* Base */,
			);
			name = Main.storyboard;
			sourceTree = "<group>";
		};
		880A67601FE60F7900169C18 /* LaunchScreen.storyboard */ = {
			isa = PBXVariantGroup;
			children = (
				880A67611FE60F7900169C18 /* Base */,
			);
			name = LaunchScreen.storyboard;
			sourceTree = "<group>";
		};
/* End PBXVariantGroup section */

/* Begin XCBuildConfiguration section */
		880A67641FE60F7900169C18 /* Debug */ = {
			isa = XCBuildConfiguration;
			buildSettings = {
				ALWAYS_SEARCH_USER_PATHS = NO;
				CLANG_ANALYZER_NONNULL = YES;
				CLANG_ANALYZER_NUMBER_OBJECT_CONVERSION = YES_AGGRESSIVE;
				CLANG_CXX_LANGUAGE_STANDARD = "gnu++14";
				CLANG_CXX_LIBRARY = "libc++";
				CLANG_ENABLE_MODULES = YES;
				CLANG_ENABLE_OBJC_ARC = YES;
				CLANG_WARN_BLOCK_CAPTURE_AUTORELEASING = YES;
				CLANG_WARN_BOOL_CONVERSION = YES;
				CLANG_WARN_COMMA = YES;
				CLANG_WARN_CONSTANT_CONVERSION = YES;
				CLANG_WARN_DIRECT_OBJC_ISA_USAGE = YES_ERROR;
				CLANG_WARN_DOCUMENTATION_COMMENTS = YES;
				CLANG_WARN_EMPTY_BODY = YES;
				CLANG_WARN_ENUM_CONVERSION = YES;
				CLANG_WARN_INFINITE_RECURSION = YES;
				CLANG_WARN_INT_CONVERSION = YES;
				CLANG_WARN_NON_LITERAL_NULL_CONVERSION = YES;
				CLANG_WARN_OBJC_LITERAL_CONVERSION = YES;
				CLANG_WARN_OBJC_ROOT_CLASS = YES_ERROR;
				CLANG_WARN_RANGE_LOOP_ANALYSIS = YES;
				CLANG_WARN_STRICT_PROTOTYPES = YES;
				CLANG_WARN_SUSPICIOUS_MOVE = YES;
				CLANG_WARN_UNGUARDED_AVAILABILITY = YES_AGGRESSIVE;
				CLANG_WARN_UNREACHABLE_CODE = YES;
				CLANG_WARN__DUPLICATE_METHOD_MATCH = YES;
				CODE_SIGN_IDENTITY = "iPhone Developer";
				COPY_PHASE_STRIP = NO;
				DEBUG_INFORMATION_FORMAT = dwarf;
				ENABLE_STRICT_OBJC_MSGSEND = YES;
				ENABLE_TESTABILITY = YES;
				GCC_C_LANGUAGE_STANDARD = gnu11;
				GCC_DYNAMIC_NO_PIC = NO;
				GCC_NO_COMMON_BLOCKS = YES;
				GCC_OPTIMIZATION_LEVEL = 0;
				GCC_PREPROCESSOR_DEFINITIONS = (
					"DEBUG=1",
					"$(inherited)",
				);
				GCC_WARN_64_TO_32_BIT_CONVERSION = YES;
				GCC_WARN_ABOUT_RETURN_TYPE = YES_ERROR;
				GCC_WARN_UNDECLARED_SELECTOR = YES;
				GCC_WARN_UNINITIALIZED_AUTOS = YES_AGGRESSIVE;
				GCC_WARN_UNUSED_FUNCTION = YES;
				GCC_WARN_UNUSED_VARIABLE = YES;
				IPHONEOS_DEPLOYMENT_TARGET = 11.1;
				MTL_ENABLE_DEBUG_INFO = YES;
				ONLY_ACTIVE_ARCH = YES;
				SDKROOT = iphoneos;
				SWIFT_ACTIVE_COMPILATION_CONDITIONS = DEBUG;
				SWIFT_OPTIMIZATION_LEVEL = "-Onone";
			};
			name = Debug;
		};
		880A67651FE60F7900169C18 /* Release */ = {
			isa = XCBuildConfiguration;
			buildSettings = {
				ALWAYS_SEARCH_USER_PATHS = NO;
				CLANG_ANALYZER_NONNULL = YES;
				CLANG_ANALYZER_NUMBER_OBJECT_CONVERSION = YES_AGGRESSIVE;
				CLANG_CXX_LANGUAGE_STANDARD = "gnu++14";
				CLANG_CXX_LIBRARY = "libc++";
				CLANG_ENABLE_MODULES = YES;
				CLANG_ENABLE_OBJC_ARC = YES;
				CLANG_WARN_BLOCK_CAPTURE_AUTORELEASING = YES;
				CLANG_WARN_BOOL_CONVERSION = YES;
				CLANG_WARN_COMMA = YES;
				CLANG_WARN_CONSTANT_CONVERSION = YES;
				CLANG_WARN_DIRECT_OBJC_ISA_USAGE = YES_ERROR;
				CLANG_WARN_DOCUMENTATION_COMMENTS = YES;
				CLANG_WARN_EMPTY_BODY = YES;
				CLANG_WARN_ENUM_CONVERSION = YES;
				CLANG_WARN_INFINITE_RECURSION = YES;
				CLANG_WARN_INT_CONVERSION = YES;
				CLANG_WARN_NON_LITERAL_NULL_CONVERSION = YES;
				CLANG_WARN_OBJC_LITERAL_CONVERSION = YES;
				CLANG_WARN_OBJC_ROOT_CLASS = YES_ERROR;
				CLANG_WARN_RANGE_LOOP_ANALYSIS = YES;
				CLANG_WARN_STRICT_PROTOTYPES = YES;
				CLANG_WARN_SUSPICIOUS_MOVE = YES;
				CLANG_WARN_UNGUARDED_AVAILABILITY = YES_AGGRESSIVE;
				CLANG_WARN_UNREACHABLE_CODE = YES;
				CLANG_WARN__DUPLICATE_METHOD_MATCH = YES;
				CODE_SIGN_IDENTITY = "iPhone Developer";
				COPY_PHASE_STRIP = NO;
				DEBUG_INFORMATION_FORMAT = "dwarf-with-dsym";
				ENABLE_NS_ASSERTIONS = NO;
				ENABLE_STRICT_OBJC_MSGSEND = YES;
				GCC_C_LANGUAGE_STANDARD = gnu11;
				GCC_NO_COMMON_BLOCKS = YES;
				GCC_WARN_64_TO_32_BIT_CONVERSION = YES;
				GCC_WARN_ABOUT_RETURN_TYPE = YES_ERROR;
				GCC_WARN_UNDECLARED_SELECTOR = YES;
				GCC_WARN_UNINITIALIZED_AUTOS = YES_AGGRESSIVE;
				GCC_WARN_UNUSED_FUNCTION = YES;
				GCC_WARN_UNUSED_VARIABLE = YES;
				IPHONEOS_DEPLOYMENT_TARGET = 11.1;
				MTL_ENABLE_DEBUG_INFO = NO;
				SDKROOT = iphoneos;
				SWIFT_OPTIMIZATION_LEVEL = "-Owholemodule";
				VALIDATE_PRODUCT = YES;
			};
			name = Release;
		};
		880A67671FE60F7900169C18 /* Debug */ = {
			isa = XCBuildConfiguration;
			buildSettings = {
				ASSETCATALOG_COMPILER_APPICON_NAME = AppIcon;
				CODE_SIGN_STYLE = Automatic;
				DEVELOPMENT_TEAM = C85HD75Z6W;
				INFOPLIST_FILE = "$(SRCROOT)/Vehicle/Info.plist";
				LD_RUNPATH_SEARCH_PATHS = "$(inherited) @executable_path/Frameworks";
				PRODUCT_BUNDLE_IDENTIFIER = com.appimas24.Lava;
				PRODUCT_NAME = "$(TARGET_NAME)";
				SWIFT_VERSION = 4.0;
				TARGETED_DEVICE_FAMILY = "1,2";
			};
			name = Debug;
		};
		880A67681FE60F7900169C18 /* Release */ = {
			isa = XCBuildConfiguration;
			buildSettings = {
				ASSETCATALOG_COMPILER_APPICON_NAME = AppIcon;
				CODE_SIGN_STYLE = Automatic;
				DEVELOPMENT_TEAM = C85HD75Z6W;
				INFOPLIST_FILE = "$(SRCROOT)/Vehicle/Info.plist";
				LD_RUNPATH_SEARCH_PATHS = "$(inherited) @executable_path/Frameworks";
				PRODUCT_BUNDLE_IDENTIFIER = com.appimas24.Lava;
				PRODUCT_NAME = "$(TARGET_NAME)";
				SWIFT_VERSION = 4.0;
				TARGETED_DEVICE_FAMILY = "1,2";
			};
			name = Release;
		};
/* End XCBuildConfiguration section */

/* Begin XCConfigurationList section */
		880A674C1FE60F7800169C18 /* Build configuration list for PBXProject "Vehicle" */ = {
			isa = XCConfigurationList;
			buildConfigurations = (
				880A67641FE60F7900169C18 /* Debug */,
				880A67651FE60F7900169C18 /* Release */,
			);
			defaultConfigurationIsVisible = 0;
			defaultConfigurationName = Release;
		};
		880A67661FE60F7900169C18 /* Build configuration list for PBXNativeTarget "Vehicle" */ = {
			isa = XCConfigurationList;
			buildConfigurations = (
				880A67671FE60F7900169C18 /* Debug */,
				880A67681FE60F7900169C18 /* Release */,
			);
			defaultConfigurationIsVisible = 0;
			defaultConfigurationName = Release;
		};
/* End XCConfigurationList section */

/* Begin XCVersionGroup section */
		880A675B1FE60F7900169C18 /* Lava.xcdatamodeld */ = {
			isa = XCVersionGroup;
			children = (
				880A675C1FE60F7900169C18 /* Lava.xcdatamodel */,
			);
			currentVersion = 880A675C1FE60F7900169C18 /* Lava.xcdatamodel */;
			path = Lava.xcdatamodeld;
			sourceTree = "<group>";
			versionGroupType = wrapper.xcdatamodel;
		};
/* End XCVersionGroup section */
	};
	rootObject = 880A67491FE60F7800169C18 /* Project object */;
}
